
Microsoft Visual Studio Solution File, Format Version 12.00
Project("{FAE04EC0-301F-11D3-BF4B-00C04F79EFBC}") = "Homework1", "Homework1\Homework1.csproj", "{85D3A2E3-246F-46D2-A4D3-15B55AE1FB49}"
EndProject
Project("{FAE04EC0-301F-11D3-BF4B-00C04F79EFBC}") = "Homework1.Test", "Homework1.Test\Homework1.Test.csproj", "{DCADA311-5316-4C26-9054-3E962D8185E0}"
EndProject
Project("{FAE04EC0-301F-11D3-BF4B-00C04F79EFBC}") = "Homework2", "Homework2\Homework2.csproj", "{F8FA913C-820B-492D-B7BB-47064B93EAA0}"
EndProject
Project("{FAE04EC0-301F-11D3-BF4B-00C04F79EFBC}") = "Homework2.IL", "Homework2.IL\Homework2.IL.ilproj", "{CD613628-5FED-4098-B335-378DC510DDD0}"
EndProject
Project("{FAE04EC0-301F-11D3-BF4B-00C04F79EFBC}") = "Homework2.Tests", "Homework2.Tests\Homework2.Tests.csproj", "{378D865A-14F3-45BE-9B54-A8807F4D9A64}"
EndProject
Project("{F2A71F9B-5D33-465A-A702-920D77279786}") = "Homework4", "Homework4\Homework4.fsproj", "{A5E4AE49-CBEE-4ADA-A4F9-599DCA659C1B}"
EndProject
Project("{F2A71F9B-5D33-465A-A702-920D77279786}") = "Homework4.Tests", "Homework4.Tests\Homework4.Tests.fsproj", "{687C10A6-957E-46C2-B5A5-84579F2126FA}"
EndProject
Project("{F2A71F9B-5D33-465A-A702-920D77279786}") = "Homework5", "Homework5\Homework5.fsproj", "{7980E50C-41D2-4BD6-BEA4-2F9317FC15CC}"
EndProject
Project("{F2A71F9B-5D33-465A-A702-920D77279786}") = "Homework5.Tests", "Homework5.Tests\Homework5.Tests.fsproj", "{C3B99A5F-B516-4743-A77E-0E9A2B81774D}"
EndProject
Project("{F2A71F9B-5D33-465A-A702-920D77279786}") = "Homework6", "Homework6\Homework6.fsproj", "{A77D87A0-15D1-459E-9988-0DAFF5684B21}"
EndProject
Project("{FAE04EC0-301F-11D3-BF4B-00C04F79EFBC}") = "Homework6.Tests", "Homework6.Tests\Homework6.Tests.csproj", "{8AA0BEBE-A18D-465B-ACA4-13369C0C2CDD}"
EndProject
Project("{FAE04EC0-301F-11D3-BF4B-00C04F79EFBC}") = "Homework7", "Homework7\Homework7.csproj", "{1441CA20-C2DF-4ACC-B7BB-E4175B174AC4}"
EndProject
Project("{FAE04EC0-301F-11D3-BF4B-00C04F79EFBC}") = "Homework8", "Homework8\Homework8.csproj", "{FCFDEAF5-859D-4FA3-88FF-DBF9A1A5AA38}"
EndProject
Project("{FAE04EC0-301F-11D3-BF4B-00C04F79EFBC}") = "Homework8.Tests", "Homework8.Tests\Homework8.Tests.csproj", "{D19D017A-092D-424B-BD8D-DC4EF7DE753D}"
EndProject
Project("{FAE04EC0-301F-11D3-BF4B-00C04F79EFBC}") = "Homework9", "Homework9\Homework9.csproj", "{02B97266-D49C-4AE5-92FF-D816F3C4113E}"
EndProject
Project("{FAE04EC0-301F-11D3-BF4B-00C04F79EFBC}") = "Homework9.Tests", "Homework9.Tests\Homework9.Tests.csproj", "{257355A2-616A-41EA-BBE1-6B14A1B6076C}"
EndProject
Project("{FAE04EC0-301F-11D3-BF4B-00C04F79EFBC}") = "Homework11", "Homework11\Homework11.csproj", "{E42402EF-B3CD-4B85-BBB4-1DA0CF905294}"
EndProject
Project("{FAE04EC0-301F-11D3-BF4B-00C04F79EFBC}") = "Homework11.Tests", "Homework11.Tests\Homework11.Tests.csproj", "{1D9DDA3D-0112-48CC-95C8-626A72F4F1E8}"
EndProject
Global
	GlobalSection(SolutionConfigurationPlatforms) = preSolution
		Debug|Any CPU = Debug|Any CPU
		Release|Any CPU = Release|Any CPU
	EndGlobalSection
	GlobalSection(ProjectConfigurationPlatforms) = postSolution
		{85D3A2E3-246F-46D2-A4D3-15B55AE1FB49}.Debug|Any CPU.ActiveCfg = Debug|Any CPU
		{85D3A2E3-246F-46D2-A4D3-15B55AE1FB49}.Debug|Any CPU.Build.0 = Debug|Any CPU
		{85D3A2E3-246F-46D2-A4D3-15B55AE1FB49}.Release|Any CPU.ActiveCfg = Release|Any CPU
		{85D3A2E3-246F-46D2-A4D3-15B55AE1FB49}.Release|Any CPU.Build.0 = Release|Any CPU
		{DCADA311-5316-4C26-9054-3E962D8185E0}.Debug|Any CPU.ActiveCfg = Debug|Any CPU
		{DCADA311-5316-4C26-9054-3E962D8185E0}.Debug|Any CPU.Build.0 = Debug|Any CPU
		{DCADA311-5316-4C26-9054-3E962D8185E0}.Release|Any CPU.ActiveCfg = Release|Any CPU
		{DCADA311-5316-4C26-9054-3E962D8185E0}.Release|Any CPU.Build.0 = Release|Any CPU
		{F8FA913C-820B-492D-B7BB-47064B93EAA0}.Debug|Any CPU.ActiveCfg = Debug|Any CPU
		{F8FA913C-820B-492D-B7BB-47064B93EAA0}.Debug|Any CPU.Build.0 = Debug|Any CPU
		{F8FA913C-820B-492D-B7BB-47064B93EAA0}.Release|Any CPU.ActiveCfg = Release|Any CPU
		{F8FA913C-820B-492D-B7BB-47064B93EAA0}.Release|Any CPU.Build.0 = Release|Any CPU
		{CD613628-5FED-4098-B335-378DC510DDD0}.Debug|Any CPU.ActiveCfg = Debug|Any CPU
		{CD613628-5FED-4098-B335-378DC510DDD0}.Debug|Any CPU.Build.0 = Debug|Any CPU
		{CD613628-5FED-4098-B335-378DC510DDD0}.Release|Any CPU.ActiveCfg = Release|Any CPU
		{CD613628-5FED-4098-B335-378DC510DDD0}.Release|Any CPU.Build.0 = Release|Any CPU
		{378D865A-14F3-45BE-9B54-A8807F4D9A64}.Debug|Any CPU.ActiveCfg = Debug|Any CPU
		{378D865A-14F3-45BE-9B54-A8807F4D9A64}.Debug|Any CPU.Build.0 = Debug|Any CPU
		{378D865A-14F3-45BE-9B54-A8807F4D9A64}.Release|Any CPU.ActiveCfg = Release|Any CPU
		{378D865A-14F3-45BE-9B54-A8807F4D9A64}.Release|Any CPU.Build.0 = Release|Any CPU
		{A5E4AE49-CBEE-4ADA-A4F9-599DCA659C1B}.Debug|Any CPU.ActiveCfg = Debug|Any CPU
		{A5E4AE49-CBEE-4ADA-A4F9-599DCA659C1B}.Debug|Any CPU.Build.0 = Debug|Any CPU
		{A5E4AE49-CBEE-4ADA-A4F9-599DCA659C1B}.Release|Any CPU.ActiveCfg = Release|Any CPU
		{A5E4AE49-CBEE-4ADA-A4F9-599DCA659C1B}.Release|Any CPU.Build.0 = Release|Any CPU
		{687C10A6-957E-46C2-B5A5-84579F2126FA}.Debug|Any CPU.ActiveCfg = Debug|Any CPU
		{687C10A6-957E-46C2-B5A5-84579F2126FA}.Debug|Any CPU.Build.0 = Debug|Any CPU
		{687C10A6-957E-46C2-B5A5-84579F2126FA}.Release|Any CPU.ActiveCfg = Release|Any CPU
		{687C10A6-957E-46C2-B5A5-84579F2126FA}.Release|Any CPU.Build.0 = Release|Any CPU
		{7980E50C-41D2-4BD6-BEA4-2F9317FC15CC}.Debug|Any CPU.ActiveCfg = Debug|Any CPU
		{7980E50C-41D2-4BD6-BEA4-2F9317FC15CC}.Debug|Any CPU.Build.0 = Debug|Any CPU
		{7980E50C-41D2-4BD6-BEA4-2F9317FC15CC}.Release|Any CPU.ActiveCfg = Release|Any CPU
		{7980E50C-41D2-4BD6-BEA4-2F9317FC15CC}.Release|Any CPU.Build.0 = Release|Any CPU
		{C3B99A5F-B516-4743-A77E-0E9A2B81774D}.Debug|Any CPU.ActiveCfg = Debug|Any CPU
		{C3B99A5F-B516-4743-A77E-0E9A2B81774D}.Debug|Any CPU.Build.0 = Debug|Any CPU
		{C3B99A5F-B516-4743-A77E-0E9A2B81774D}.Release|Any CPU.ActiveCfg = Release|Any CPU
		{C3B99A5F-B516-4743-A77E-0E9A2B81774D}.Release|Any CPU.Build.0 = Release|Any CPU
		{A77D87A0-15D1-459E-9988-0DAFF5684B21}.Debug|Any CPU.ActiveCfg = Debug|Any CPU
		{A77D87A0-15D1-459E-9988-0DAFF5684B21}.Debug|Any CPU.Build.0 = Debug|Any CPU
		{A77D87A0-15D1-459E-9988-0DAFF5684B21}.Release|Any CPU.ActiveCfg = Release|Any CPU
		{A77D87A0-15D1-459E-9988-0DAFF5684B21}.Release|Any CPU.Build.0 = Release|Any CPU
		{8AA0BEBE-A18D-465B-ACA4-13369C0C2CDD}.Debug|Any CPU.ActiveCfg = Debug|Any CPU
		{8AA0BEBE-A18D-465B-ACA4-13369C0C2CDD}.Debug|Any CPU.Build.0 = Debug|Any CPU
		{8AA0BEBE-A18D-465B-ACA4-13369C0C2CDD}.Release|Any CPU.ActiveCfg = Release|Any CPU
		{8AA0BEBE-A18D-465B-ACA4-13369C0C2CDD}.Release|Any CPU.Build.0 = Release|Any CPU
		{1441CA20-C2DF-4ACC-B7BB-E4175B174AC4}.Debug|Any CPU.ActiveCfg = Debug|Any CPU
		{1441CA20-C2DF-4ACC-B7BB-E4175B174AC4}.Debug|Any CPU.Build.0 = Debug|Any CPU
		{1441CA20-C2DF-4ACC-B7BB-E4175B174AC4}.Release|Any CPU.ActiveCfg = Release|Any CPU
		{1441CA20-C2DF-4ACC-B7BB-E4175B174AC4}.Release|Any CPU.Build.0 = Release|Any CPU
		{FCFDEAF5-859D-4FA3-88FF-DBF9A1A5AA38}.Debug|Any CPU.ActiveCfg = Debug|Any CPU
		{FCFDEAF5-859D-4FA3-88FF-DBF9A1A5AA38}.Debug|Any CPU.Build.0 = Debug|Any CPU
		{FCFDEAF5-859D-4FA3-88FF-DBF9A1A5AA38}.Release|Any CPU.ActiveCfg = Release|Any CPU
		{FCFDEAF5-859D-4FA3-88FF-DBF9A1A5AA38}.Release|Any CPU.Build.0 = Release|Any CPU
		{D19D017A-092D-424B-BD8D-DC4EF7DE753D}.Debug|Any CPU.ActiveCfg = Debug|Any CPU
		{D19D017A-092D-424B-BD8D-DC4EF7DE753D}.Debug|Any CPU.Build.0 = Debug|Any CPU
		{D19D017A-092D-424B-BD8D-DC4EF7DE753D}.Release|Any CPU.ActiveCfg = Release|Any CPU
		{D19D017A-092D-424B-BD8D-DC4EF7DE753D}.Release|Any CPU.Build.0 = Release|Any CPU
		{02B97266-D49C-4AE5-92FF-D816F3C4113E}.Debug|Any CPU.ActiveCfg = Debug|Any CPU
		{02B97266-D49C-4AE5-92FF-D816F3C4113E}.Debug|Any CPU.Build.0 = Debug|Any CPU
		{02B97266-D49C-4AE5-92FF-D816F3C4113E}.Release|Any CPU.ActiveCfg = Release|Any CPU
		{02B97266-D49C-4AE5-92FF-D816F3C4113E}.Release|Any CPU.Build.0 = Release|Any CPU
		{257355A2-616A-41EA-BBE1-6B14A1B6076C}.Debug|Any CPU.ActiveCfg = Debug|Any CPU
		{257355A2-616A-41EA-BBE1-6B14A1B6076C}.Debug|Any CPU.Build.0 = Debug|Any CPU
		{257355A2-616A-41EA-BBE1-6B14A1B6076C}.Release|Any CPU.ActiveCfg = Release|Any CPU
		{257355A2-616A-41EA-BBE1-6B14A1B6076C}.Release|Any CPU.Build.0 = Release|Any CPU
		{E42402EF-B3CD-4B85-BBB4-1DA0CF905294}.Debug|Any CPU.ActiveCfg = Debug|Any CPU
		{E42402EF-B3CD-4B85-BBB4-1DA0CF905294}.Debug|Any CPU.Build.0 = Debug|Any CPU
		{E42402EF-B3CD-4B85-BBB4-1DA0CF905294}.Release|Any CPU.ActiveCfg = Release|Any CPU
		{E42402EF-B3CD-4B85-BBB4-1DA0CF905294}.Release|Any CPU.Build.0 = Release|Any CPU
		{7428BF33-407C-45C3-856B-073AF8A25745}.Debug|Any CPU.ActiveCfg = Debug|Any CPU
		{7428BF33-407C-45C3-856B-073AF8A25745}.Debug|Any CPU.Build.0 = Debug|Any CPU
		{7428BF33-407C-45C3-856B-073AF8A25745}.Release|Any CPU.ActiveCfg = Release|Any CPU
		{7428BF33-407C-45C3-856B-073AF8A25745}.Release|Any CPU.Build.0 = Release|Any CPU
		{1D9DDA3D-0112-48CC-95C8-626A72F4F1E8}.Debug|Any CPU.ActiveCfg = Debug|Any CPU
		{1D9DDA3D-0112-48CC-95C8-626A72F4F1E8}.Debug|Any CPU.Build.0 = Debug|Any CPU
		{1D9DDA3D-0112-48CC-95C8-626A72F4F1E8}.Release|Any CPU.ActiveCfg = Release|Any CPU
		{1D9DDA3D-0112-48CC-95C8-626A72F4F1E8}.Release|Any CPU.Build.0 = Release|Any CPU
	EndGlobalSection
EndGlobal
